// !$*UTF8*$!
{
	archiveVersion = 1;
	classes = {
	};
	objectVersion = 50;
	objects = {

/* Begin PBXBuildFile section */
		4B76890A26529FA7006283B0 /* Swift_Interview_Q&A in Resources */ = {isa = PBXBuildFile; fileRef = 4B76890926529FA7006283B0 /* Swift_Interview_Q&A */; };
		4B76890E2652D192006283B0 /* Written_Swift in Resources */ = {isa = PBXBuildFile; fileRef = 4B76890D2652D192006283B0 /* Written_Swift */; };
		4B997C8626483DF500D94E20 /* iOS_interviewQ_AApp.swift in Sources */ = {isa = PBXBuildFile; fileRef = 4B997C7326483DF100D94E20 /* iOS_interviewQ_AApp.swift */; };
		4B997C8726483DF500D94E20 /* iOS_interviewQ_AApp.swift in Sources */ = {isa = PBXBuildFile; fileRef = 4B997C7326483DF100D94E20 /* iOS_interviewQ_AApp.swift */; };
		4B997C8826483DF500D94E20 /* ContentView.swift in Sources */ = {isa = PBXBuildFile; fileRef = 4B997C7426483DF100D94E20 /* ContentView.swift */; };
		4B997C8926483DF500D94E20 /* ContentView.swift in Sources */ = {isa = PBXBuildFile; fileRef = 4B997C7426483DF100D94E20 /* ContentView.swift */; };
		4B997C8A26483DF500D94E20 /* Assets.xcassets in Resources */ = {isa = PBXBuildFile; fileRef = 4B997C7526483DF500D94E20 /* Assets.xcassets */; };
		4B997C8B26483DF500D94E20 /* Assets.xcassets in Resources */ = {isa = PBXBuildFile; fileRef = 4B997C7526483DF500D94E20 /* Assets.xcassets */; };
		4B997C9A26483F7200D94E20 /* DesignPatternExamples in Resources */ = {isa = PBXBuildFile; fileRef = 4B997C9926483F7200D94E20 /* DesignPatternExamples */; };
		4B997CA0264845D100D94E20 /* InterviewQuestions_Answers in Resources */ = {isa = PBXBuildFile; fileRef = 4B997C9F264845D000D94E20 /* InterviewQuestions_Answers */; };
/* End PBXBuildFile section */

/* Begin PBXFileReference section */
		4B76890926529FA7006283B0 /* Swift_Interview_Q&A */ = {isa = PBXFileReference; lastKnownFileType = text; path = "Swift_Interview_Q&A"; sourceTree = "<group>"; };
		4B76890D2652D192006283B0 /* Written_Swift */ = {isa = PBXFileReference; lastKnownFileType = text; path = Written_Swift; sourceTree = "<group>"; };
		4B76891126539CF5006283B0 /* Puzzles.playground */ = {isa = PBXFileReference; lastKnownFileType = file.playground; path = Puzzles.playground; sourceTree = "<group>"; xcLanguageSpecificationIdentifier = xcode.lang.swift; };
		4B997C7326483DF100D94E20 /* iOS_interviewQ_AApp.swift */ = {isa = PBXFileReference; lastKnownFileType = sourcecode.swift; path = iOS_interviewQ_AApp.swift; sourceTree = "<group>"; };
		4B997C7426483DF100D94E20 /* ContentView.swift */ = {isa = PBXFileReference; lastKnownFileType = sourcecode.swift; path = ContentView.swift; sourceTree = "<group>"; };
		4B997C7526483DF500D94E20 /* Assets.xcassets */ = {isa = PBXFileReference; lastKnownFileType = folder.assetcatalog; path = Assets.xcassets; sourceTree = "<group>"; };
		4B997C7A26483DF500D94E20 /* iOS_interviewQ&A.app */ = {isa = PBXFileReference; explicitFileType = wrapper.application; includeInIndex = 0; path = "iOS_interviewQ&A.app"; sourceTree = BUILT_PRODUCTS_DIR; };
		4B997C7D26483DF500D94E20 /* Info.plist */ = {isa = PBXFileReference; lastKnownFileType = text.plist.xml; path = Info.plist; sourceTree = "<group>"; };
		4B997C8226483DF500D94E20 /* iOS_interviewQ&A.app */ = {isa = PBXFileReference; explicitFileType = wrapper.application; includeInIndex = 0; path = "iOS_interviewQ&A.app"; sourceTree = BUILT_PRODUCTS_DIR; };
		4B997C8426483DF500D94E20 /* Info.plist */ = {isa = PBXFileReference; lastKnownFileType = text.plist.xml; path = Info.plist; sourceTree = "<group>"; };
		4B997C8526483DF500D94E20 /* macOS.entitlements */ = {isa = PBXFileReference; lastKnownFileType = text.plist.entitlements; path = macOS.entitlements; sourceTree = "<group>"; };
		4B997C9926483F7200D94E20 /* DesignPatternExamples */ = {isa = PBXFileReference; lastKnownFileType = text; path = DesignPatternExamples; sourceTree = "<group>"; };
		4B997C9F264845D000D94E20 /* InterviewQuestions_Answers */ = {isa = PBXFileReference; lastKnownFileType = text; path = InterviewQuestions_Answers; sourceTree = "<group>"; };
/* End PBXFileReference section */

/* Begin PBXFrameworksBuildPhase section */
		4B997C7726483DF500D94E20 /* Frameworks */ = {
			isa = PBXFrameworksBuildPhase;
			buildActionMask = 2147483647;
			files = (
			);
			runOnlyForDeploymentPostprocessing = 0;
		};
		4B997C7F26483DF500D94E20 /* Frameworks */ = {
			isa = PBXFrameworksBuildPhase;
			buildActionMask = 2147483647;
			files = (
			);
			runOnlyForDeploymentPostprocessing = 0;
		};
/* End PBXFrameworksBuildPhase section */

/* Begin PBXGroup section */
		4B997C6D26483DF100D94E20 = {
			isa = PBXGroup;
			children = (
				4B997C7226483DF100D94E20 /* Shared */,
				4B997C7C26483DF500D94E20 /* iOS */,
				4B997C8326483DF500D94E20 /* macOS */,
				4B997C7B26483DF500D94E20 /* Products */,
			);
			sourceTree = "<group>";
		};
		4B997C7226483DF100D94E20 /* Shared */ = {
			isa = PBXGroup;
			children = (
				4B997C7326483DF100D94E20 /* iOS_interviewQ_AApp.swift */,
				4B997C7426483DF100D94E20 /* ContentView.swift */,
				4B997C7526483DF500D94E20 /* Assets.xcassets */,
				4B997C9926483F7200D94E20 /* DesignPatternExamples */,
				4B997C9F264845D000D94E20 /* InterviewQuestions_Answers */,
				4B76890926529FA7006283B0 /* Swift_Interview_Q&A */,
				4B76890D2652D192006283B0 /* Written_Swift */,
				4B76891126539CF5006283B0 /* Puzzles.playground */,
			);
			path = Shared;
			sourceTree = "<group>";
		};
		4B997C7B26483DF500D94E20 /* Products */ = {
			isa = PBXGroup;
			children = (
				4B997C7A26483DF500D94E20 /* iOS_interviewQ&A.app */,
				4B997C8226483DF500D94E20 /* iOS_interviewQ&A.app */,
			);
			name = Products;
			sourceTree = "<group>";
		};
		4B997C7C26483DF500D94E20 /* iOS */ = {
			isa = PBXGroup;
			children = (
				4B997C7D26483DF500D94E20 /* Info.plist */,
			);
			path = iOS;
			sourceTree = "<group>";
		};
		4B997C8326483DF500D94E20 /* macOS */ = {
			isa = PBXGroup;
			children = (
				4B997C8426483DF500D94E20 /* Info.plist */,
				4B997C8526483DF500D94E20 /* macOS.entitlements */,
			);
			path = macOS;
			sourceTree = "<group>";
		};
/* End PBXGroup section */

/* Begin PBXNativeTarget section */
		4B997C7926483DF500D94E20 /* iOS_interviewQ&A (iOS) */ = {
			isa = PBXNativeTarget;
			buildConfigurationList = 4B997C8E26483DF500D94E20 /* Build configuration list for PBXNativeTarget "iOS_interviewQ&A (iOS)" */;
			buildPhases = (
				4B997C7626483DF500D94E20 /* Sources */,
				4B997C7726483DF500D94E20 /* Frameworks */,
				4B997C7826483DF500D94E20 /* Resources */,
			);
			buildRules = (
			);
			dependencies = (
			);
			name = "iOS_interviewQ&A (iOS)";
			productName = "iOS_interviewQ&A (iOS)";
			productReference = 4B997C7A26483DF500D94E20 /* iOS_interviewQ&A.app */;
			productType = "com.apple.product-type.application";
		};
		4B997C8126483DF500D94E20 /* iOS_interviewQ&A (macOS) */ = {
			isa = PBXNativeTarget;
			buildConfigurationList = 4B997C9126483DF500D94E20 /* Build configuration list for PBXNativeTarget "iOS_interviewQ&A (macOS)" */;
			buildPhases = (
				4B997C7E26483DF500D94E20 /* Sources */,
				4B997C7F26483DF500D94E20 /* Frameworks */,
				4B997C8026483DF500D94E20 /* Resources */,
			);
			buildRules = (
			);
			dependencies = (
			);
			name = "iOS_interviewQ&A (macOS)";
			productName = "iOS_interviewQ&A (macOS)";
			productReference = 4B997C8226483DF500D94E20 /* iOS_interviewQ&A.app */;
			productType = "com.apple.product-type.application";
		};
/* End PBXNativeTarget section */

/* Begin PBXProject section */
		4B997C6E26483DF100D94E20 /* Project object */ = {
			isa = PBXProject;
			attributes = {
				LastSwiftUpdateCheck = 1230;
				LastUpgradeCheck = 1230;
				TargetAttributes = {
					4B997C7926483DF500D94E20 = {
						CreatedOnToolsVersion = 12.3;
					};
					4B997C8126483DF500D94E20 = {
						CreatedOnToolsVersion = 12.3;
					};
				};
			};
			buildConfigurationList = 4B997C7126483DF100D94E20 /* Build configuration list for PBXProject "iOS_interviewQ&A" */;
			compatibilityVersion = "Xcode 9.3";
			developmentRegion = en;
			hasScannedForEncodings = 0;
			knownRegions = (
				en,
				Base,
			);
			mainGroup = 4B997C6D26483DF100D94E20;
			productRefGroup = 4B997C7B26483DF500D94E20 /* Products */;
			projectDirPath = "";
			projectRoot = "";
			targets = (
				4B997C7926483DF500D94E20 /* iOS_interviewQ&A (iOS) */,
				4B997C8126483DF500D94E20 /* iOS_interviewQ&A (macOS) */,
			);
		};
/* End PBXProject section */

/* Begin PBXResourcesBuildPhase section */
		4B997C7826483DF500D94E20 /* Resources */ = {
			isa = PBXResourcesBuildPhase;
			buildActionMask = 2147483647;
			files = (
				4B997C9A26483F7200D94E20 /* DesignPatternExamples in Resources */,
				4B997C8A26483DF500D94E20 /* Assets.xcassets in Resources */,
				4B997CA0264845D100D94E20 /* InterviewQuestions_Answers in Resources */,
				4B76890A26529FA7006283B0 /* Swift_Interview_Q&A in Resources */,
				4B76890E2652D192006283B0 /* Written_Swift in Resources */,
			);
			runOnlyForDeploymentPostprocessing = 0;
		};
		4B997C8026483DF500D94E20 /* Resources */ = {
			isa = PBXResourcesBuildPhase;
			buildActionMask = 2147483647;
			files = (
				4B997C8B26483DF500D94E20 /* Assets.xcassets in Resources */,
			);
			runOnlyForDeploymentPostprocessing = 0;
		};
/* End PBXResourcesBuildPhase section */

/* Begin PBXSourcesBuildPhase section */
		4B997C7626483DF500D94E20 /* Sources */ = {
			isa = PBXSourcesBuildPhase;
			buildActionMask = 2147483647;
			files = (
				4B997C8826483DF500D94E20 /* ContentView.swift in Sources */,
				4B997C8626483DF500D94E20 /* iOS_interviewQ_AApp.swift in Sources */,
			);
			runOnlyForDeploymentPostprocessing = 0;
		};
		4B997C7E26483DF500D94E20 /* Sources */ = {
			isa = PBXSourcesBuildPhase;
			buildActionMask = 2147483647;
			files = (
				4B997C8926483DF500D94E20 /* ContentView.swift in Sources */,
				4B997C8726483DF500D94E20 /* iOS_interviewQ_AApp.swift in Sources */,
			);
			runOnlyForDeploymentPostprocessing = 0;
		};
/* End PBXSourcesBuildPhase section */

/* Begin XCBuildConfiguration section */
		4B997C8C26483DF500D94E20 /* Debug */ = {
			isa = XCBuildConfiguration;
			buildSettings = {
				ALWAYS_SEARCH_USER_PATHS = NO;
				CLANG_ANALYZER_NONNULL = YES;
				CLANG_ANALYZER_NUMBER_OBJECT_CONVERSION = YES_AGGRESSIVE;
				CLANG_CXX_LANGUAGE_STANDARD = "gnu++14";
				CLANG_CXX_LIBRARY = "libc++";
				CLANG_ENABLE_MODULES = YES;
				CLANG_ENABLE_OBJC_ARC = YES;
				CLANG_ENABLE_OBJC_WEAK = YES;
				CLANG_WARN_BLOCK_CAPTURE_AUTORELEASING = YES;
				CLANG_WARN_BOOL_CONVERSION = YES;
				CLANG_WARN_COMMA = YES;
				CLANG_WARN_CONSTANT_CONVERSION = YES;
				CLANG_WARN_DEPRECATED_OBJC_IMPLEMENTATIONS = YES;
				CLANG_WARN_DIRECT_OBJC_ISA_USAGE = YES_ERROR;
				CLANG_WARN_DOCUMENTATION_COMMENTS = YES;
				CLANG_WARN_EMPTY_BODY = YES;
				CLANG_WARN_ENUM_CONVERSION = YES;
				CLANG_WARN_INFINITE_RECURSION = YES;
				CLANG_WARN_INT_CONVERSION = YES;
				CLANG_WARN_NON_LITERAL_NULL_CONVERSION = YES;
				CLANG_WARN_OBJC_IMPLICIT_RETAIN_SELF = YES;
				CLANG_WARN_OBJC_LITERAL_CONVERSION = YES;
				CLANG_WARN_OBJC_ROOT_CLASS = YES_ERROR;
				CLANG_WARN_QUOTED_INCLUDE_IN_FRAMEWORK_HEADER = YES;
				CLANG_WARN_RANGE_LOOP_ANALYSIS = YES;
				CLANG_WARN_STRICT_PROTOTYPES = YES;
				CLANG_WARN_SUSPICIOUS_MOVE = YES;
				CLANG_WARN_UNGUARDED_AVAILABILITY = YES_AGGRESSIVE;
				CLANG_WARN_UNREACHABLE_CODE = YES;
				CLANG_WARN__DUPLICATE_METHOD_MATCH = YES;
				COPY_PHASE_STRIP = NO;
				DEBUG_INFORMATION_FORMAT = dwarf;
				ENABLE_STRICT_OBJC_MSGSEND = YES;
				ENABLE_TESTABILITY = YES;
				GCC_C_LANGUAGE_STANDARD = gnu11;
				GCC_DYNAMIC_NO_PIC = NO;
				GCC_NO_COMMON_BLOCKS = YES;
				GCC_OPTIMIZATION_LEVEL = 0;
				GCC_PREPROCESSOR_DEFINITIONS = (
					"DEBUG=1",
					"$(inherited)",
				);
				GCC_WARN_64_TO_32_BIT_CONVERSION = YES;
				GCC_WARN_ABOUT_RETURN_TYPE = YES_ERROR;
				GCC_WARN_UNDECLARED_SELECTOR = YES;
				GCC_WARN_UNINITIALIZED_AUTOS = YES_AGGRESSIVE;
				GCC_WARN_UNUSED_FUNCTION = YES;
				GCC_WARN_UNUSED_VARIABLE = YES;
				MTL_ENABLE_DEBUG_INFO = INCLUDE_SOURCE;
				MTL_FAST_MATH = YES;
				ONLY_ACTIVE_ARCH = YES;
				SWIFT_ACTIVE_COMPILATION_CONDITIONS = DEBUG;
				SWIFT_OPTIMIZATION_LEVEL = "-Onone";
			};
			name = Debug;
		};
		4B997C8D26483DF500D94E20 /* Release */ = {
			isa = XCBuildConfiguration;
			buildSettings = {
				ALWAYS_SEARCH_USER_PATHS = NO;
				CLANG_ANALYZER_NONNULL = YES;
				CLANG_ANALYZER_NUMBER_OBJECT_CONVERSION = YES_AGGRESSIVE;
				CLANG_CXX_LANGUAGE_STANDARD = "gnu++14";
				CLANG_CXX_LIBRARY = "libc++";
				CLANG_ENABLE_MODULES = YES;
				CLANG_ENABLE_OBJC_ARC = YES;
				CLANG_ENABLE_OBJC_WEAK = YES;
				CLANG_WARN_BLOCK_CAPTURE_AUTORELEASING = YES;
				CLANG_WARN_BOOL_CONVERSION = YES;
				CLANG_WARN_COMMA = YES;
				CLANG_WARN_CONSTANT_CONVERSION = YES;
				CLANG_WARN_DEPRECATED_OBJC_IMPLEMENTATIONS = YES;
				CLANG_WARN_DIRECT_OBJC_ISA_USAGE = YES_ERROR;
				CLANG_WARN_DOCUMENTATION_COMMENTS = YES;
				CLANG_WARN_EMPTY_BODY = YES;
				CLANG_WARN_ENUM_CONVERSION = YES;
				CLANG_WARN_INFINITE_RECURSION = YES;
				CLANG_WARN_INT_CONVERSION = YES;
				CLANG_WARN_NON_LITERAL_NULL_CONVERSION = YES;
				CLANG_WARN_OBJC_IMPLICIT_RETAIN_SELF = YES;
				CLANG_WARN_OBJC_LITERAL_CONVERSION = YES;
				CLANG_WARN_OBJC_ROOT_CLASS = YES_ERROR;
				CLANG_WARN_QUOTED_INCLUDE_IN_FRAMEWORK_HEADER = YES;
				CLANG_WARN_RANGE_LOOP_ANALYSIS = YES;
				CLANG_WARN_STRICT_PROTOTYPES = YES;
				CLANG_WARN_SUSPICIOUS_MOVE = YES;
				CLANG_WARN_UNGUARDED_AVAILABILITY = YES_AGGRESSIVE;
				CLANG_WARN_UNREACHABLE_CODE = YES;
				CLANG_WARN__DUPLICATE_METHOD_MATCH = YES;
				COPY_PHASE_STRIP = NO;
				DEBUG_INFORMATION_FORMAT = "dwarf-with-dsym";
				ENABLE_NS_ASSERTIONS = NO;
				ENABLE_STRICT_OBJC_MSGSEND = YES;
				GCC_C_LANGUAGE_STANDARD = gnu11;
				GCC_NO_COMMON_BLOCKS = YES;
				GCC_WARN_64_TO_32_BIT_CONVERSION = YES;
				GCC_WARN_ABOUT_RETURN_TYPE = YES_ERROR;
				GCC_WARN_UNDECLARED_SELECTOR = YES;
				GCC_WARN_UNINITIALIZED_AUTOS = YES_AGGRESSIVE;
				GCC_WARN_UNUSED_FUNCTION = YES;
				GCC_WARN_UNUSED_VARIABLE = YES;
				MTL_ENABLE_DEBUG_INFO = NO;
				MTL_FAST_MATH = YES;
				SWIFT_COMPILATION_MODE = wholemodule;
				SWIFT_OPTIMIZATION_LEVEL = "-O";
			};
			name = Release;
		};
		4B997C8F26483DF500D94E20 /* Debug */ = {
			isa = XCBuildConfiguration;
			buildSettings = {
				ASSETCATALOG_COMPILER_APPICON_NAME = AppIcon;
				ASSETCATALOG_COMPILER_GLOBAL_ACCENT_COLOR_NAME = AccentColor;
				CODE_SIGN_STYLE = Automatic;
				DEVELOPMENT_TEAM = 2AL9FAQS65;
				ENABLE_PREVIEWS = YES;
				INFOPLIST_FILE = iOS/Info.plist;
				IPHONEOS_DEPLOYMENT_TARGET = 14.0;
				LD_RUNPATH_SEARCH_PATHS = (
					"$(inherited)",
					"@executable_path/Frameworks",
				);
				PRODUCT_BUNDLE_IDENTIFIER = "me.wally.iOS-interviewQ-A";
				PRODUCT_NAME = "iOS_interviewQ&A";
				SDKROOT = iphoneos;
				SWIFT_VERSION = 5.0;
				TARGETED_DEVICE_FAMILY = "1,2";
			};
			name = Debug;
		};
		4B997C9026483DF500D94E20 /* Release */ = {
			isa = XCBuildConfiguration;
			buildSettings = {
				ASSETCATALOG_COMPILER_APPICON_NAME = AppIcon;
				ASSETCATALOG_COMPILER_GLOBAL_ACCENT_COLOR_NAME = AccentColor;
				CODE_SIGN_STYLE = Automatic;
				DEVELOPMENT_TEAM = 2AL9FAQS65;
				ENABLE_PREVIEWS = YES;
				INFOPLIST_FILE = iOS/Info.plist;
				IPHONEOS_DEPLOYMENT_TARGET = 14.0;
				LD_RUNPATH_SEARCH_PATHS = (
					"$(inherited)",
					"@executable_path/Frameworks",
				);
				PRODUCT_BUNDLE_IDENTIFIER = "me.wally.iOS-interviewQ-A";
				PRODUCT_NAME = "iOS_interviewQ&A";
				SDKROOT = iphoneos;
				SWIFT_VERSION = 5.0;
				TARGETED_DEVICE_FAMILY = "1,2";
				VALIDATE_PRODUCT = YES;
			};
			name = Release;
		};
		4B997C9226483DF500D94E20 /* Debug */ = {
			isa = XCBuildConfiguration;
			buildSettings = {
				ASSETCATALOG_COMPILER_APPICON_NAME = AppIcon;
				ASSETCATALOG_COMPILER_GLOBAL_ACCENT_COLOR_NAME = AccentColor;
				CODE_SIGN_ENTITLEMENTS = macOS/macOS.entitlements;
				CODE_SIGN_STYLE = Automatic;
				COMBINE_HIDPI_IMAGES = YES;
				DEVELOPMENT_TEAM = 2AL9FAQS65;
				ENABLE_HARDENED_RUNTIME = YES;
				ENABLE_PREVIEWS = YES;
				INFOPLIST_FILE = macOS/Info.plist;
				LD_RUNPATH_SEARCH_PATHS = (
					"$(inherited)",
					"@executable_path/../Frameworks",
				);
				MACOSX_DEPLOYMENT_TARGET = 11.0;
				PRODUCT_BUNDLE_IDENTIFIER = "me.wally.iOS-interviewQ-A";
				PRODUCT_NAME = "iOS_interviewQ&A";
				SDKROOT = macosx;
				SWIFT_VERSION = 5.0;
			};
			name = Debug;
		};
		4B997C9326483DF500D94E20 /* Release */ = {
			isa = XCBuildConfiguration;
			buildSettings = {
				ASSETCATALOG_COMPILER_APPICON_NAME = AppIcon;
				ASSETCATALOG_COMPILER_GLOBAL_ACCENT_COLOR_NAME = AccentColor;
				CODE_SIGN_ENTITLEMENTS = macOS/macOS.entitlements;
				CODE_SIGN_STYLE = Automatic;
				COMBINE_HIDPI_IMAGES = YES;
				DEVELOPMENT_TEAM = 2AL9FAQS65;
				ENABLE_HARDENED_RUNTIME = YES;
				ENABLE_PREVIEWS = YES;
				INFOPLIST_FILE = macOS/Info.plist;
				LD_RUNPATH_SEARCH_PATHS = (
					"$(inherited)",
					"@executable_path/../Frameworks",
				);
				MACOSX_DEPLOYMENT_TARGET = 11.0;
				PRODUCT_BUNDLE_IDENTIFIER = "me.wally.iOS-interviewQ-A";
				PRODUCT_NAME = "iOS_interviewQ&A";
				SDKROOT = macosx;
				SWIFT_VERSION = 5.0;
			};
			name = Release;
		};
/* End XCBuildConfiguration section */

/* Begin XCConfigurationList section */
		4B997C7126483DF100D94E20 /* Build configuration list for PBXProject "iOS_interviewQ&A" */ = {
			isa = XCConfigurationList;
			buildConfigurations = (
				4B997C8C26483DF500D94E20 /* Debug */,
				4B997C8D26483DF500D94E20 /* Release */,
			);
			defaultConfigurationIsVisible = 0;
			defaultConfigurationName = Release;
		};
		4B997C8E26483DF500D94E20 /* Build configuration list for PBXNativeTarget "iOS_interviewQ&A (iOS)" */ = {
			isa = XCConfigurationList;
			buildConfigurations = (
				4B997C8F26483DF500D94E20 /* Debug */,
				4B997C9026483DF500D94E20 /* Release */,
			);
			defaultConfigurationIsVisible = 0;
			defaultConfigurationName = Release;
		};
		4B997C9126483DF500D94E20 /* Build configuration list for PBXNativeTarget "iOS_interviewQ&A (macOS)" */ = {
			isa = XCConfigurationList;
			buildConfigurations = (
				4B997C9226483DF500D94E20 /* Debug */,
				4B997C9326483DF500D94E20 /* Release */,
			);
			defaultConfigurationIsVisible = 0;
			defaultConfigurationName = Release;
		};
/* End XCConfigurationList section */
	};
	rootObject = 4B997C6E26483DF100D94E20 /* Project object */;
}
